
Microsoft Visual Studio Solution File, Format Version 12.00
# Visual Studio Version 17
VisualStudioVersion = 17.9.34723.18
MinimumVisualStudioVersion = 10.0.40219.1
Project("{FAE04EC0-301F-11D3-BF4B-00C04F79EFBC}") = "TapCleaner", "TapCleaner\TapCleaner.csproj", "{CCA3E040-0865-4A61-85A3-2A1C335E21E5}"
EndProject
Global
	GlobalSection(SolutionConfigurationPlatforms) = preSolution
		Debug|Any CPU = Debug|Any CPU
		Release|Any CPU = Release|Any CPU
	EndGlobalSection
	GlobalSection(ProjectConfigurationPlatforms) = postSolution
		{CCA3E040-0865-4A61-85A3-2A1C335E21E5}.Debug|Any CPU.ActiveCfg = Debug|Any CPU
		{CCA3E040-0865-4A61-85A3-2A1C335E21E5}.Debug|Any CPU.Build.0 = Debug|Any CPU
		{CCA3E040-0865-4A61-85A3-2A1C335E21E5}.Release|Any CPU.ActiveCfg = Release|Any CPU
		{CCA3E040-0865-4A61-85A3-2A1C335E21E5}.Release|Any CPU.Build.0 = Release|Any CPU
	EndGlobalSection
	GlobalSection(SolutionProperties) = preSolution
		HideSolutionNode = FALSE
	EndGlobalSection
	GlobalSection(ExtensibilityGlobals) = postSolution
		SolutionGuid = {A33B1041-B5E4-4E3B-96E2-F79646A70BBC}
	EndGlobalSection
EndGlobal
